
Microsoft Visual Studio Solution File, Format Version 12.00
# Visual Studio Version 16
VisualStudioVersion = 16.0.31729.503
MinimumVisualStudioVersion = 10.0.40219.1
Project("{FAE04EC0-301F-11D3-BF4B-00C04F79EFBC}") = "MySleeper", "MySleeper\MySleeper.csproj", "{4D67A983-14B1-441C-8DC4-BB220A0F354D}"
EndProject
Global
	GlobalSection(SolutionConfigurationPlatforms) = preSolution
		Debug|Any CPU = Debug|Any CPU
		Release|Any CPU = Release|Any CPU
	EndGlobalSection
	GlobalSection(ProjectConfigurationPlatforms) = postSolution
		{4D67A983-14B1-441C-8DC4-BB220A0F354D}.Debug|Any CPU.ActiveCfg = Debug|Any CPU
		{4D67A983-14B1-441C-8DC4-BB220A0F354D}.Debug|Any CPU.Build.0 = Debug|Any CPU
		{4D67A983-14B1-441C-8DC4-BB220A0F354D}.Release|Any CPU.ActiveCfg = Release|Any CPU
		{4D67A983-14B1-441C-8DC4-BB220A0F354D}.Release|Any CPU.Build.0 = Release|Any CPU
	EndGlobalSection
	GlobalSection(SolutionProperties) = preSolution
		HideSolutionNode = FALSE
	EndGlobalSection
	GlobalSection(ExtensibilityGlobals) = postSolution
		SolutionGuid = {49B7A057-7E14-4FE1-A529-051A7AC34AEA}
	EndGlobalSection
EndGlobal
